
Microsoft Visual Studio Solution File, Format Version 12.00
# Visual Studio Version 17
VisualStudioVersion = 17.13.35825.156
MinimumVisualStudioVersion = 10.0.40219.1
Project("{FAE04EC0-301F-11D3-BF4B-00C04F79EFBC}") = "ubb-se-2026-meio-ai", "ubb-se-2026-meio-ai.csproj", "{EE5CEB3C-D4B4-4B96-9021-08F2828C34E1}"
EndProject
Project("{FAE04EC0-301F-11D3-BF4B-00C04F79EFBC}") = "UnitTests", "UnitTests\UnitTests.csproj", "{D0AA192E-0E3D-4149-96D7-7D03812D3ECF}"
EndProject
Project("{FAE04EC0-301F-11D3-BF4B-00C04F79EFBC}") = "MeioAi.Logic", "MeioAi.Logic\MeioAi.Logic.csproj", "{31B7781E-5CD9-420C-AFD8-61086C1EB682}"
EndProject
Global
	GlobalSection(SolutionConfigurationPlatforms) = preSolution
		Debug|Any CPU = Debug|Any CPU
		Debug|ARM64 = Debug|ARM64
		Debug|x64 = Debug|x64
		Debug|x86 = Debug|x86
		Release|Any CPU = Release|Any CPU
		Release|ARM64 = Release|ARM64
		Release|x64 = Release|x64
		Release|x86 = Release|x86
	EndGlobalSection
	GlobalSection(ProjectConfigurationPlatforms) = postSolution
		{EE5CEB3C-D4B4-4B96-9021-08F2828C34E1}.Debug|Any CPU.ActiveCfg = Debug|Any CPU
		{EE5CEB3C-D4B4-4B96-9021-08F2828C34E1}.Debug|Any CPU.Build.0 = Debug|Any CPU
		{EE5CEB3C-D4B4-4B96-9021-08F2828C34E1}.Debug|ARM64.ActiveCfg = Debug|ARM64
		{EE5CEB3C-D4B4-4B96-9021-08F2828C34E1}.Debug|ARM64.Build.0 = Debug|ARM64
		{EE5CEB3C-D4B4-4B96-9021-08F2828C34E1}.Debug|ARM64.Deploy.0 = Debug|ARM64
		{EE5CEB3C-D4B4-4B96-9021-08F2828C34E1}.Debug|x64.ActiveCfg = Debug|x64
		{EE5CEB3C-D4B4-4B96-9021-08F2828C34E1}.Debug|x64.Build.0 = Debug|x64
		{EE5CEB3C-D4B4-4B96-9021-08F2828C34E1}.Debug|x64.Deploy.0 = Debug|x64
		{EE5CEB3C-D4B4-4B96-9021-08F2828C34E1}.Debug|x86.ActiveCfg = Debug|x86
		{EE5CEB3C-D4B4-4B96-9021-08F2828C34E1}.Debug|x86.Build.0 = Debug|x86
		{EE5CEB3C-D4B4-4B96-9021-08F2828C34E1}.Debug|x86.Deploy.0 = Debug|x86
		{EE5CEB3C-D4B4-4B96-9021-08F2828C34E1}.Release|Any CPU.ActiveCfg = Release|Any CPU
		{EE5CEB3C-D4B4-4B96-9021-08F2828C34E1}.Release|Any CPU.Build.0 = Release|Any CPU
		{EE5CEB3C-D4B4-4B96-9021-08F2828C34E1}.Release|ARM64.ActiveCfg = Release|ARM64
		{EE5CEB3C-D4B4-4B96-9021-08F2828C34E1}.Release|ARM64.Build.0 = Release|ARM64
		{EE5CEB3C-D4B4-4B96-9021-08F2828C34E1}.Release|ARM64.Deploy.0 = Release|ARM64
		{EE5CEB3C-D4B4-4B96-9021-08F2828C34E1}.Release|x64.ActiveCfg = Release|x64
		{EE5CEB3C-D4B4-4B96-9021-08F2828C34E1}.Release|x64.Build.0 = Release|x64
		{EE5CEB3C-D4B4-4B96-9021-08F2828C34E1}.Release|x64.Deploy.0 = Release|x64
		{EE5CEB3C-D4B4-4B96-9021-08F2828C34E1}.Release|x86.ActiveCfg = Release|x86
		{EE5CEB3C-D4B4-4B96-9021-08F2828C34E1}.Release|x86.Build.0 = Release|x86
		{EE5CEB3C-D4B4-4B96-9021-08F2828C34E1}.Release|x86.Deploy.0 = Release|x86
		{D0AA192E-0E3D-4149-96D7-7D03812D3ECF}.Debug|Any CPU.ActiveCfg = Debug|Any CPU
		{D0AA192E-0E3D-4149-96D7-7D03812D3ECF}.Debug|Any CPU.Build.0 = Debug|Any CPU
		{D0AA192E-0E3D-4149-96D7-7D03812D3ECF}.Debug|ARM64.ActiveCfg = Debug|Any CPU
		{D0AA192E-0E3D-4149-96D7-7D03812D3ECF}.Debug|ARM64.Build.0 = Debug|Any CPU
		{D0AA192E-0E3D-4149-96D7-7D03812D3ECF}.Debug|x64.ActiveCfg = Debug|Any CPU
		{D0AA192E-0E3D-4149-96D7-7D03812D3ECF}.Debug|x64.Build.0 = Debug|Any CPU
		{D0AA192E-0E3D-4149-96D7-7D03812D3ECF}.Debug|x86.ActiveCfg = Debug|Any CPU
		{D0AA192E-0E3D-4149-96D7-7D03812D3ECF}.Debug|x86.Build.0 = Debug|Any CPU
		{D0AA192E-0E3D-4149-96D7-7D03812D3ECF}.Release|Any CPU.ActiveCfg = Release|Any CPU
		{D0AA192E-0E3D-4149-96D7-7D03812D3ECF}.Release|Any CPU.Build.0 = Release|Any CPU
		{D0AA192E-0E3D-4149-96D7-7D03812D3ECF}.Release|ARM64.ActiveCfg = Release|Any CPU
		{D0AA192E-0E3D-4149-96D7-7D03812D3ECF}.Release|ARM64.Build.0 = Release|Any CPU
		{D0AA192E-0E3D-4149-96D7-7D03812D3ECF}.Release|x64.ActiveCfg = Release|Any CPU
		{D0AA192E-0E3D-4149-96D7-7D03812D3ECF}.Release|x64.Build.0 = Release|Any CPU
		{D0AA192E-0E3D-4149-96D7-7D03812D3ECF}.Release|x86.ActiveCfg = Release|Any CPU
		{D0AA192E-0E3D-4149-96D7-7D03812D3ECF}.Release|x86.Build.0 = Release|Any CPU
		{31B7781E-5CD9-420C-AFD8-61086C1EB682}.Debug|Any CPU.ActiveCfg = Debug|Any CPU
		{31B7781E-5CD9-420C-AFD8-61086C1EB682}.Debug|Any CPU.Build.0 = Debug|Any CPU
		{31B7781E-5CD9-420C-AFD8-61086C1EB682}.Debug|ARM64.ActiveCfg = Debug|Any CPU
		{31B7781E-5CD9-420C-AFD8-61086C1EB682}.Debug|ARM64.Build.0 = Debug|Any CPU
		{31B7781E-5CD9-420C-AFD8-61086C1EB682}.Debug|x64.ActiveCfg = Debug|Any CPU
		{31B7781E-5CD9-420C-AFD8-61086C1EB682}.Debug|x64.Build.0 = Debug|Any CPU
		{31B7781E-5CD9-420C-AFD8-61086C1EB682}.Debug|x86.ActiveCfg = Debug|Any CPU
		{31B7781E-5CD9-420C-AFD8-61086C1EB682}.Debug|x86.Build.0 = Debug|Any CPU
		{31B7781E-5CD9-420C-AFD8-61086C1EB682}.Release|Any CPU.ActiveCfg = Release|Any CPU
		{31B7781E-5CD9-420C-AFD8-61086C1EB682}.Release|Any CPU.Build.0 = Release|Any CPU
		{31B7781E-5CD9-420C-AFD8-61086C1EB682}.Release|ARM64.ActiveCfg = Release|Any CPU
		{31B7781E-5CD9-420C-AFD8-61086C1EB682}.Release|ARM64.Build.0 = Release|Any CPU
		{31B7781E-5CD9-420C-AFD8-61086C1EB682}.Release|x64.ActiveCfg = Release|Any CPU
		{31B7781E-5CD9-420C-AFD8-61086C1EB682}.Release|x64.Build.0 = Release|Any CPU
		{31B7781E-5CD9-420C-AFD8-61086C1EB682}.Release|x86.ActiveCfg = Release|Any CPU
		{31B7781E-5CD9-420C-AFD8-61086C1EB682}.Release|x86.Build.0 = Release|Any CPU
	EndGlobalSection
	GlobalSection(SolutionProperties) = preSolution
		HideSolutionNode = FALSE
	EndGlobalSection
	GlobalSection(ExtensibilityGlobals) = postSolution
		SolutionGuid = {4F5243C6-F5FA-4439-B2FF-CC54F614E5B8}
	EndGlobalSection
EndGlobal
